{
  "nodes": {
    "flakeNimbleLib": {
      "inputs": {
        "nixpkgs": [
          "nixpkgs"
        ]
      },
      "locked": {
        "lastModified": 1662018438,
        "narHash": "sha256-QtNtU6+LX3Wokxf0zlFwKTFOcn6TeDjKQZ+DA9OYtvM=",
        "owner": "riinr",
        "repo": "nim-flakes-lib",
        "rev": "b1fe8340736e3a85d25c709ac3dfd82a55c03cbf",
        "type": "github"
      },
      "original": {
        "owner": "riinr",
        "ref": "master",
        "repo": "nim-flakes-lib",
        "type": "github"
      }
    },
    "nixpkgs": {
      "locked": {
        "lastModified": 1667110639,
        "narHash": "sha256-4FbPESZ5LbqQxkJJJBAfk/zKgF9h/4kyUwjjpJwYlbc=",
        "owner": "NixOS",
        "repo": "nixpkgs",
        "rev": "f38a1f04d1bec1feb61fd101a0539ae2002a7087",
        "type": "github"
      },
      "original": {
        "id": "nixpkgs",
        "type": "indirect"
      }
    },
    "rollinghash-master": {
      "inputs": {
        "flakeNimbleLib": [
          "flakeNimbleLib"
        ],
        "nixpkgs": [
          "nixpkgs"
        ],
        "src-RollingHash-master": "src-RollingHash-master"
      },
      "locked": {
        "dir": "master",
        "lastModified": 1662254790,
        "narHash": "sha256-ackgYcSDq+9ojwo4zW/7muo8nf1a6TbAr9R1PpiJRwA=",
        "owner": "nim-nix-pkgs",
        "repo": "rollinghash",
        "rev": "2efa8f10e476087bede24fc0a61d96cd3e413882",
        "type": "github"
      },
      "original": {
        "dir": "master",
        "owner": "nim-nix-pkgs",
        "ref": "master",
        "repo": "rollinghash",
        "type": "github"
      }
    },
    "root": {
      "inputs": {
        "flakeNimbleLib": "flakeNimbleLib",
        "nixpkgs": "nixpkgs",
        "rollinghash-master": "rollinghash-master"
      }
    },
    "src-RollingHash-master": {
      "flake": false,
      "locked": {
        "lastModified": 1554208095,
        "narHash": "sha256-+em7F/TZK8+7ZCnRDPbPYNwC29dF94RybUc4vYqjj08=",
        "owner": "MarcAzar",
        "repo": "RollingHash",
        "rev": "93be628dc5b387ae235ceec0fef0d1914c5d3500",
        "type": "github"
      },
      "original": {
        "owner": "MarcAzar",
        "ref": "refs/heads/master",
        "repo": "RollingHash",
        "type": "github"
      }
    }
  },
  "root": "root",
  "version": 7
}
